{
  "name": "react",
  "version": "1.0.0",
  "lockfileVersion": 3,
  "requires": true,
  "packages": {
    "": {
      "name": "react",
      "version": "1.0.0",
      "license": "ISC",
      "workspaces": [
        "packages/react-simplified"
      ]
    },
    "node_modules/react-simplified": {
      "resolved": "packages/react-simplified",
      "link": true
    },
    "packages/react-simplified": {
      "version": "1.0.0",
      "license": "ISC",
      "devDependencies": {}
    }
  }
}
